
Microsoft Visual Studio Solution File, Format Version 12.00
# Visual Studio Version 17
VisualStudioVersion = 17.6.33829.357
MinimumVisualStudioVersion = 10.0.40219.1
Project("{FAE04EC0-301F-11D3-BF4B-00C04F79EFBC}") = "MinMaxRPG", "MinMaxRPG\MinMaxRPG.csproj", "{EA7853FE-BF70-4017-99E6-0EED2B11BB26}"
EndProject
Global
	GlobalSection(SolutionConfigurationPlatforms) = preSolution
		Debug|Any CPU = Debug|Any CPU
		Release|Any CPU = Release|Any CPU
	EndGlobalSection
	GlobalSection(ProjectConfigurationPlatforms) = postSolution
		{EA7853FE-BF70-4017-99E6-0EED2B11BB26}.Debug|Any CPU.ActiveCfg = Debug|Any CPU
		{EA7853FE-BF70-4017-99E6-0EED2B11BB26}.Debug|Any CPU.Build.0 = Debug|Any CPU
		{EA7853FE-BF70-4017-99E6-0EED2B11BB26}.Release|Any CPU.ActiveCfg = Release|Any CPU
		{EA7853FE-BF70-4017-99E6-0EED2B11BB26}.Release|Any CPU.Build.0 = Release|Any CPU
	EndGlobalSection
	GlobalSection(SolutionProperties) = preSolution
		HideSolutionNode = FALSE
	EndGlobalSection
	GlobalSection(ExtensibilityGlobals) = postSolution
		SolutionGuid = {3918B4F1-8B74-4491-8DCD-CFAAB6D41C34}
	EndGlobalSection
EndGlobal
